{
  "name": "nadius",
  "version": "1.0.0",
  "lockfileVersion": 1,
  "requires": true,
  "dependencies": {
    "chap": {
      "version": "0.4.0",
      "resolved": "https://registry.npmjs.org/chap/-/chap-0.4.0.tgz",
      "integrity": "sha1-rRhnQDhsUpJ0kWU57pcFwxLkZRI="
    },
    "radius": {
      "version": "1.1.4",
      "resolved": "https://registry.npmjs.org/radius/-/radius-1.1.4.tgz",
      "integrity": "sha512-UWuzdF6xf3NpsXFZZmUEkxtEalDXj8hdmMXgbGzn7vOk6zXNsiIY2I6SJ1euHt7PTQuMoz2qDEJB+AfJDJgQYw=="
    }
  }
}
